// !$*UTF8*$!
{
	archiveVersion = 1;
	classes = {
	};
	objectVersion = 55;
	objects = {

/* Begin PBXBuildFile section */
		5A524ABC28ADEC05009119A3 /* FaustAKitApp.swift in Sources */ = {isa = PBXBuildFile; fileRef = 5A524ABB28ADEC05009119A3 /* FaustAKitApp.swift */; };
		5A524ABE28ADEC05009119A3 /* ContentView.swift in Sources */ = {isa = PBXBuildFile; fileRef = 5A524ABD28ADEC05009119A3 /* ContentView.swift */; };
		5A524AC028ADEC06009119A3 /* Assets.xcassets in Resources */ = {isa = PBXBuildFile; fileRef = 5A524ABF28ADEC06009119A3 /* Assets.xcassets */; };
		5A524AC328ADEC06009119A3 /* Preview Assets.xcassets in Resources */ = {isa = PBXBuildFile; fileRef = 5A524AC228ADEC06009119A3 /* Preview Assets.xcassets */; };
		5A524ACB28ADEC46009119A3 /* AudioKit in Frameworks */ = {isa = PBXBuildFile; productRef = 5A524ACA28ADEC46009119A3 /* AudioKit */; };
		5A524ACD28ADEC6E009119A3 /* Conductor.swift in Sources */ = {isa = PBXBuildFile; fileRef = 5A524ACC28ADEC6E009119A3 /* Conductor.swift */; };
		5A524AD228ADEDB8009119A3 /* FaustMyOsc.swift in Sources */ = {isa = PBXBuildFile; fileRef = 5A524AD028ADEDB8009119A3 /* FaustMyOsc.swift */; };
		5A524AD328ADEDB8009119A3 /* FaustDSP.mm in Sources */ = {isa = PBXBuildFile; fileRef = 5A524AD128ADEDB8009119A3 /* FaustDSP.mm */; };
/* End PBXBuildFile section */

/* Begin PBXFileReference section */
		5A524AB828ADEC05009119A3 /* FaustAKit.app */ = {isa = PBXFileReference; explicitFileType = wrapper.application; includeInIndex = 0; path = FaustAKit.app; sourceTree = BUILT_PRODUCTS_DIR; };
		5A524ABB28ADEC05009119A3 /* FaustAKitApp.swift */ = {isa = PBXFileReference; lastKnownFileType = sourcecode.swift; path = FaustAKitApp.swift; sourceTree = "<group>"; };
		5A524ABD28ADEC05009119A3 /* ContentView.swift */ = {isa = PBXFileReference; lastKnownFileType = sourcecode.swift; path = ContentView.swift; sourceTree = "<group>"; };
		5A524ABF28ADEC06009119A3 /* Assets.xcassets */ = {isa = PBXFileReference; lastKnownFileType = folder.assetcatalog; path = Assets.xcassets; sourceTree = "<group>"; };
		5A524AC228ADEC06009119A3 /* Preview Assets.xcassets */ = {isa = PBXFileReference; lastKnownFileType = folder.assetcatalog; path = "Preview Assets.xcassets"; sourceTree = "<group>"; };
		5A524ACC28ADEC6E009119A3 /* Conductor.swift */ = {isa = PBXFileReference; lastKnownFileType = sourcecode.swift; path = Conductor.swift; sourceTree = "<group>"; };
		5A524ACE28ADED26009119A3 /* MyOsc.dsp */ = {isa = PBXFileReference; lastKnownFileType = text; path = MyOsc.dsp; sourceTree = "<group>"; };
		5A524AD028ADEDB8009119A3 /* FaustMyOsc.swift */ = {isa = PBXFileReference; fileEncoding = 4; lastKnownFileType = sourcecode.swift; path = FaustMyOsc.swift; sourceTree = "<group>"; };
		5A524AD128ADEDB8009119A3 /* FaustDSP.mm */ = {isa = PBXFileReference; fileEncoding = 4; lastKnownFileType = sourcecode.cpp.objcpp; path = FaustDSP.mm; sourceTree = "<group>"; };
		5A524AD428ADEEB9009119A3 /* README.md */ = {isa = PBXFileReference; lastKnownFileType = net.daringfireball.markdown; path = README.md; sourceTree = "<group>"; };
/* End PBXFileReference section */

/* Begin PBXFrameworksBuildPhase section */
		5A524AB528ADEC05009119A3 /* Frameworks */ = {
			isa = PBXFrameworksBuildPhase;
			buildActionMask = 2147483647;
			files = (
				5A524ACB28ADEC46009119A3 /* AudioKit in Frameworks */,
			);
			runOnlyForDeploymentPostprocessing = 0;
		};
/* End PBXFrameworksBuildPhase section */

/* Begin PBXGroup section */
		5A524AAF28ADEC05009119A3 = {
			isa = PBXGroup;
			children = (
				5A524AD428ADEEB9009119A3 /* README.md */,
				5A524ABA28ADEC05009119A3 /* FaustAKit */,
				5A524AB928ADEC05009119A3 /* Products */,
			);
			sourceTree = "<group>";
		};
		5A524AB928ADEC05009119A3 /* Products */ = {
			isa = PBXGroup;
			children = (
				5A524AB828ADEC05009119A3 /* FaustAKit.app */,
			);
			name = Products;
			sourceTree = "<group>";
		};
		5A524ABA28ADEC05009119A3 /* FaustAKit */ = {
			isa = PBXGroup;
			children = (
				5A524ACF28ADEDB8009119A3 /* MyOsc */,
				5A524ACC28ADEC6E009119A3 /* Conductor.swift */,
				5A524ABD28ADEC05009119A3 /* ContentView.swift */,
				5A524ABF28ADEC06009119A3 /* Assets.xcassets */,
				5A524AC128ADEC06009119A3 /* Preview Content */,
				5A524ABB28ADEC05009119A3 /* FaustAKitApp.swift */,
				5A524ACE28ADED26009119A3 /* MyOsc.dsp */,
			);
			path = FaustAKit;
			sourceTree = "<group>";
		};
		5A524AC128ADEC06009119A3 /* Preview Content */ = {
			isa = PBXGroup;
			children = (
				5A524AC228ADEC06009119A3 /* Preview Assets.xcassets */,
			);
			path = "Preview Content";
			sourceTree = "<group>";
		};
		5A524ACF28ADEDB8009119A3 /* MyOsc */ = {
			isa = PBXGroup;
			children = (
				5A524AD028ADEDB8009119A3 /* FaustMyOsc.swift */,
				5A524AD128ADEDB8009119A3 /* FaustDSP.mm */,
			);
			path = MyOsc;
			sourceTree = "<group>";
		};
/* End PBXGroup section */

/* Begin PBXNativeTarget section */
		5A524AB728ADEC05009119A3 /* FaustAKit */ = {
			isa = PBXNativeTarget;
			buildConfigurationList = 5A524AC628ADEC06009119A3 /* Build configuration list for PBXNativeTarget "FaustAKit" */;
			buildPhases = (
				5A524AB428ADEC05009119A3 /* Sources */,
				5A524AB528ADEC05009119A3 /* Frameworks */,
				5A524AB628ADEC05009119A3 /* Resources */,
			);
			buildRules = (
			);
			dependencies = (
			);
			name = FaustAKit;
			packageProductDependencies = (
				5A524ACA28ADEC46009119A3 /* AudioKit */,
			);
			productName = FaustAKit;
			productReference = 5A524AB828ADEC05009119A3 /* FaustAKit.app */;
			productType = "com.apple.product-type.application";
		};
/* End PBXNativeTarget section */

/* Begin PBXProject section */
		5A524AB028ADEC05009119A3 /* Project object */ = {
			isa = PBXProject;
			attributes = {
				BuildIndependentTargetsInParallel = 1;
				LastSwiftUpdateCheck = 1340;
				LastUpgradeCheck = 1340;
				TargetAttributes = {
					5A524AB728ADEC05009119A3 = {
						CreatedOnToolsVersion = 13.4.1;
					};
				};
			};
			buildConfigurationList = 5A524AB328ADEC05009119A3 /* Build configuration list for PBXProject "FaustAKit" */;
			compatibilityVersion = "Xcode 13.0";
			developmentRegion = en;
			hasScannedForEncodings = 0;
			knownRegions = (
				en,
				Base,
			);
			mainGroup = 5A524AAF28ADEC05009119A3;
			packageReferences = (
				5A524AC928ADEC46009119A3 /* XCRemoteSwiftPackageReference "AudioKit" */,
			);
			productRefGroup = 5A524AB928ADEC05009119A3 /* Products */;
			projectDirPath = "";
			projectRoot = "";
			targets = (
				5A524AB728ADEC05009119A3 /* FaustAKit */,
			);
		};
/* End PBXProject section */

/* Begin PBXResourcesBuildPhase section */
		5A524AB628ADEC05009119A3 /* Resources */ = {
			isa = PBXResourcesBuildPhase;
			buildActionMask = 2147483647;
			files = (
				5A524AC328ADEC06009119A3 /* Preview Assets.xcassets in Resources */,
				5A524AC028ADEC06009119A3 /* Assets.xcassets in Resources */,
			);
			runOnlyForDeploymentPostprocessing = 0;
		};
/* End PBXResourcesBuildPhase section */

/* Begin PBXSourcesBuildPhase section */
		5A524AB428ADEC05009119A3 /* Sources */ = {
			isa = PBXSourcesBuildPhase;
			buildActionMask = 2147483647;
			files = (
				5A524ABE28ADEC05009119A3 /* ContentView.swift in Sources */,
				5A524AD228ADEDB8009119A3 /* FaustMyOsc.swift in Sources */,
				5A524AD328ADEDB8009119A3 /* FaustDSP.mm in Sources */,
				5A524ACD28ADEC6E009119A3 /* Conductor.swift in Sources */,
				5A524ABC28ADEC05009119A3 /* FaustAKitApp.swift in Sources */,
			);
			runOnlyForDeploymentPostprocessing = 0;
		};
/* End PBXSourcesBuildPhase section */

/* Begin XCBuildConfiguration section */
		5A524AC428ADEC06009119A3 /* Debug */ = {
			isa = XCBuildConfiguration;
			buildSettings = {
				ALWAYS_SEARCH_USER_PATHS = NO;
				CLANG_ANALYZER_NONNULL = YES;
				CLANG_ANALYZER_NUMBER_OBJECT_CONVERSION = YES_AGGRESSIVE;
				CLANG_CXX_LANGUAGE_STANDARD = "gnu++17";
				CLANG_ENABLE_MODULES = YES;
				CLANG_ENABLE_OBJC_ARC = YES;
				CLANG_ENABLE_OBJC_WEAK = YES;
				CLANG_WARN_BLOCK_CAPTURE_AUTORELEASING = YES;
				CLANG_WARN_BOOL_CONVERSION = YES;
				CLANG_WARN_COMMA = YES;
				CLANG_WARN_CONSTANT_CONVERSION = YES;
				CLANG_WARN_DEPRECATED_OBJC_IMPLEMENTATIONS = YES;
				CLANG_WARN_DIRECT_OBJC_ISA_USAGE = YES_ERROR;
				CLANG_WARN_DOCUMENTATION_COMMENTS = YES;
				CLANG_WARN_EMPTY_BODY = YES;
				CLANG_WARN_ENUM_CONVERSION = YES;
				CLANG_WARN_INFINITE_RECURSION = YES;
				CLANG_WARN_INT_CONVERSION = YES;
				CLANG_WARN_NON_LITERAL_NULL_CONVERSION = YES;
				CLANG_WARN_OBJC_IMPLICIT_RETAIN_SELF = YES;
				CLANG_WARN_OBJC_LITERAL_CONVERSION = YES;
				CLANG_WARN_OBJC_ROOT_CLASS = YES_ERROR;
				CLANG_WARN_QUOTED_INCLUDE_IN_FRAMEWORK_HEADER = YES;
				CLANG_WARN_RANGE_LOOP_ANALYSIS = YES;
				CLANG_WARN_STRICT_PROTOTYPES = YES;
				CLANG_WARN_SUSPICIOUS_MOVE = YES;
				CLANG_WARN_UNGUARDED_AVAILABILITY = YES_AGGRESSIVE;
				CLANG_WARN_UNREACHABLE_CODE = YES;
				CLANG_WARN__DUPLICATE_METHOD_MATCH = YES;
				COPY_PHASE_STRIP = NO;
				DEBUG_INFORMATION_FORMAT = dwarf;
				ENABLE_STRICT_OBJC_MSGSEND = YES;
				ENABLE_TESTABILITY = YES;
				GCC_C_LANGUAGE_STANDARD = gnu11;
				GCC_DYNAMIC_NO_PIC = NO;
				GCC_NO_COMMON_BLOCKS = YES;
				GCC_OPTIMIZATION_LEVEL = 0;
				GCC_PREPROCESSOR_DEFINITIONS = (
					"DEBUG=1",
					"$(inherited)",
				);
				GCC_WARN_64_TO_32_BIT_CONVERSION = YES;
				GCC_WARN_ABOUT_RETURN_TYPE = YES_ERROR;
				GCC_WARN_UNDECLARED_SELECTOR = YES;
				GCC_WARN_UNINITIALIZED_AUTOS = YES_AGGRESSIVE;
				GCC_WARN_UNUSED_FUNCTION = YES;
				GCC_WARN_UNUSED_VARIABLE = YES;
				HEADER_SEARCH_PATHS = "/Users/yoogle/Faust-2.41.1/include";
				IPHONEOS_DEPLOYMENT_TARGET = 14.0;
				LIBRARY_SEARCH_PATHS = "";
				MTL_ENABLE_DEBUG_INFO = INCLUDE_SOURCE;
				MTL_FAST_MATH = YES;
				ONLY_ACTIVE_ARCH = YES;
				OTHER_LDFLAGS = "";
				SDKROOT = iphoneos;
				SWIFT_ACTIVE_COMPILATION_CONDITIONS = DEBUG;
				SWIFT_OPTIMIZATION_LEVEL = "-Onone";
			};
			name = Debug;
		};
		5A524AC528ADEC06009119A3 /* Release */ = {
			isa = XCBuildConfiguration;
			buildSettings = {
				ALWAYS_SEARCH_USER_PATHS = NO;
				CLANG_ANALYZER_NONNULL = YES;
				CLANG_ANALYZER_NUMBER_OBJECT_CONVERSION = YES_AGGRESSIVE;
				CLANG_CXX_LANGUAGE_STANDARD = "gnu++17";
				CLANG_ENABLE_MODULES = YES;
				CLANG_ENABLE_OBJC_ARC = YES;
				CLANG_ENABLE_OBJC_WEAK = YES;
				CLANG_WARN_BLOCK_CAPTURE_AUTORELEASING = YES;
				CLANG_WARN_BOOL_CONVERSION = YES;
				CLANG_WARN_COMMA = YES;
				CLANG_WARN_CONSTANT_CONVERSION = YES;
				CLANG_WARN_DEPRECATED_OBJC_IMPLEMENTATIONS = YES;
				CLANG_WARN_DIRECT_OBJC_ISA_USAGE = YES_ERROR;
				CLANG_WARN_DOCUMENTATION_COMMENTS = YES;
				CLANG_WARN_EMPTY_BODY = YES;
				CLANG_WARN_ENUM_CONVERSION = YES;
				CLANG_WARN_INFINITE_RECURSION = YES;
				CLANG_WARN_INT_CONVERSION = YES;
				CLANG_WARN_NON_LITERAL_NULL_CONVERSION = YES;
				CLANG_WARN_OBJC_IMPLICIT_RETAIN_SELF = YES;
				CLANG_WARN_OBJC_LITERAL_CONVERSION = YES;
				CLANG_WARN_OBJC_ROOT_CLASS = YES_ERROR;
				CLANG_WARN_QUOTED_INCLUDE_IN_FRAMEWORK_HEADER = YES;
				CLANG_WARN_RANGE_LOOP_ANALYSIS = YES;
				CLANG_WARN_STRICT_PROTOTYPES = YES;
				CLANG_WARN_SUSPICIOUS_MOVE = YES;
				CLANG_WARN_UNGUARDED_AVAILABILITY = YES_AGGRESSIVE;
				CLANG_WARN_UNREACHABLE_CODE = YES;
				CLANG_WARN__DUPLICATE_METHOD_MATCH = YES;
				COPY_PHASE_STRIP = NO;
				DEBUG_INFORMATION_FORMAT = "dwarf-with-dsym";
				ENABLE_NS_ASSERTIONS = NO;
				ENABLE_STRICT_OBJC_MSGSEND = YES;
				GCC_C_LANGUAGE_STANDARD = gnu11;
				GCC_NO_COMMON_BLOCKS = YES;
				GCC_WARN_64_TO_32_BIT_CONVERSION = YES;
				GCC_WARN_ABOUT_RETURN_TYPE = YES_ERROR;
				GCC_WARN_UNDECLARED_SELECTOR = YES;
				GCC_WARN_UNINITIALIZED_AUTOS = YES_AGGRESSIVE;
				GCC_WARN_UNUSED_FUNCTION = YES;
				GCC_WARN_UNUSED_VARIABLE = YES;
				HEADER_SEARCH_PATHS = "/Users/yoogle/Faust-2.41.1/include";
				IPHONEOS_DEPLOYMENT_TARGET = 14.0;
				LIBRARY_SEARCH_PATHS = "";
				MTL_ENABLE_DEBUG_INFO = NO;
				MTL_FAST_MATH = YES;
				OTHER_LDFLAGS = "";
				SDKROOT = iphoneos;
				SWIFT_COMPILATION_MODE = wholemodule;
				SWIFT_OPTIMIZATION_LEVEL = "-O";
				VALIDATE_PRODUCT = YES;
			};
			name = Release;
		};
		5A524AC728ADEC06009119A3 /* Debug */ = {
			isa = XCBuildConfiguration;
			buildSettings = {
				ASSETCATALOG_COMPILER_APPICON_NAME = AppIcon;
				ASSETCATALOG_COMPILER_GLOBAL_ACCENT_COLOR_NAME = AccentColor;
				CODE_SIGN_STYLE = Automatic;
				CURRENT_PROJECT_VERSION = 1;
				DEVELOPMENT_ASSET_PATHS = "\"FaustAKit/Preview Content\"";
				DEVELOPMENT_TEAM = 8Z9CP2T4M4;
				ENABLE_PREVIEWS = YES;
				GENERATE_INFOPLIST_FILE = YES;
				INFOPLIST_KEY_UIApplicationSceneManifest_Generation = YES;
				INFOPLIST_KEY_UIApplicationSupportsIndirectInputEvents = YES;
				INFOPLIST_KEY_UILaunchScreen_Generation = YES;
				INFOPLIST_KEY_UISupportedInterfaceOrientations_iPad = "UIInterfaceOrientationPortrait UIInterfaceOrientationPortraitUpsideDown UIInterfaceOrientationLandscapeLeft UIInterfaceOrientationLandscapeRight";
				INFOPLIST_KEY_UISupportedInterfaceOrientations_iPhone = "UIInterfaceOrientationPortrait UIInterfaceOrientationLandscapeLeft UIInterfaceOrientationLandscapeRight";
				LD_RUNPATH_SEARCH_PATHS = (
					"$(inherited)",
					"@executable_path/Frameworks",
				);
				MARKETING_VERSION = 1.0;
				PRODUCT_BUNDLE_IDENTIFIER = com.theyoogle.FaustAKit;
				PRODUCT_NAME = "$(TARGET_NAME)";
				SWIFT_EMIT_LOC_STRINGS = YES;
				SWIFT_VERSION = 5.0;
				TARGETED_DEVICE_FAMILY = "1,2";
			};
			name = Debug;
		};
		5A524AC828ADEC06009119A3 /* Release */ = {
			isa = XCBuildConfiguration;
			buildSettings = {
				ASSETCATALOG_COMPILER_APPICON_NAME = AppIcon;
				ASSETCATALOG_COMPILER_GLOBAL_ACCENT_COLOR_NAME = AccentColor;
				CODE_SIGN_STYLE = Automatic;
				CURRENT_PROJECT_VERSION = 1;
				DEVELOPMENT_ASSET_PATHS = "\"FaustAKit/Preview Content\"";
				DEVELOPMENT_TEAM = 8Z9CP2T4M4;
				ENABLE_PREVIEWS = YES;
				GENERATE_INFOPLIST_FILE = YES;
				INFOPLIST_KEY_UIApplicationSceneManifest_Generation = YES;
				INFOPLIST_KEY_UIApplicationSupportsIndirectInputEvents = YES;
				INFOPLIST_KEY_UILaunchScreen_Generation = YES;
				INFOPLIST_KEY_UISupportedInterfaceOrientations_iPad = "UIInterfaceOrientationPortrait UIInterfaceOrientationPortraitUpsideDown UIInterfaceOrientationLandscapeLeft UIInterfaceOrientationLandscapeRight";
				INFOPLIST_KEY_UISupportedInterfaceOrientations_iPhone = "UIInterfaceOrientationPortrait UIInterfaceOrientationLandscapeLeft UIInterfaceOrientationLandscapeRight";
				LD_RUNPATH_SEARCH_PATHS = (
					"$(inherited)",
					"@executable_path/Frameworks",
				);
				MARKETING_VERSION = 1.0;
				PRODUCT_BUNDLE_IDENTIFIER = com.theyoogle.FaustAKit;
				PRODUCT_NAME = "$(TARGET_NAME)";
				SWIFT_EMIT_LOC_STRINGS = YES;
				SWIFT_VERSION = 5.0;
				TARGETED_DEVICE_FAMILY = "1,2";
			};
			name = Release;
		};
/* End XCBuildConfiguration section */

/* Begin XCConfigurationList section */
		5A524AB328ADEC05009119A3 /* Build configuration list for PBXProject "FaustAKit" */ = {
			isa = XCConfigurationList;
			buildConfigurations = (
				5A524AC428ADEC06009119A3 /* Debug */,
				5A524AC528ADEC06009119A3 /* Release */,
			);
			defaultConfigurationIsVisible = 0;
			defaultConfigurationName = Release;
		};
		5A524AC628ADEC06009119A3 /* Build configuration list for PBXNativeTarget "FaustAKit" */ = {
			isa = XCConfigurationList;
			buildConfigurations = (
				5A524AC728ADEC06009119A3 /* Debug */,
				5A524AC828ADEC06009119A3 /* Release */,
			);
			defaultConfigurationIsVisible = 0;
			defaultConfigurationName = Release;
		};
/* End XCConfigurationList section */

/* Begin XCRemoteSwiftPackageReference section */
		5A524AC928ADEC46009119A3 /* XCRemoteSwiftPackageReference "AudioKit" */ = {
			isa = XCRemoteSwiftPackageReference;
			repositoryURL = "https://github.com/AudioKit/AudioKit.git";
			requirement = {
				kind = exactVersion;
				version = 5.0.1;
			};
		};
/* End XCRemoteSwiftPackageReference section */

/* Begin XCSwiftPackageProductDependency section */
		5A524ACA28ADEC46009119A3 /* AudioKit */ = {
			isa = XCSwiftPackageProductDependency;
			package = 5A524AC928ADEC46009119A3 /* XCRemoteSwiftPackageReference "AudioKit" */;
			productName = AudioKit;
		};
/* End XCSwiftPackageProductDependency section */
	};
	rootObject = 5A524AB028ADEC05009119A3 /* Project object */;
}
